// !$*UTF8*$!
{
	archiveVersion = 1;
	classes = {
	};
	objectVersion = 46;
	objects = {

/* Begin PBXBuildFile section */
		5511D7191D847A6100D313BF /* User.swift in Sources */ = {isa = PBXBuildFile; fileRef = 5511D7181D847A6100D313BF /* User.swift */; };
		5511D71B1D847CFF00D313BF /* DashboardViewController.swift in Sources */ = {isa = PBXBuildFile; fileRef = 5511D71A1D847CFF00D313BF /* DashboardViewController.swift */; };
		555B12D71D83226C00CB39F3 /* AppDelegate.swift in Sources */ = {isa = PBXBuildFile; fileRef = 555B12D61D83226C00CB39F3 /* AppDelegate.swift */; };
		555B12D91D83226C00CB39F3 /* LoginViewController.swift in Sources */ = {isa = PBXBuildFile; fileRef = 555B12D81D83226C00CB39F3 /* LoginViewController.swift */; };
		555B12DC1D83226C00CB39F3 /* Main.storyboard in Resources */ = {isa = PBXBuildFile; fileRef = 555B12DA1D83226C00CB39F3 /* Main.storyboard */; };
		555B12DE1D83226C00CB39F3 /* Assets.xcassets in Resources */ = {isa = PBXBuildFile; fileRef = 555B12DD1D83226C00CB39F3 /* Assets.xcassets */; };
		555B12E11D83226C00CB39F3 /* LaunchScreen.storyboard in Resources */ = {isa = PBXBuildFile; fileRef = 555B12DF1D83226C00CB39F3 /* LaunchScreen.storyboard */; };
		555B12E91D8322BE00CB39F3 /* GoogleService-Info.plist in Resources */ = {isa = PBXBuildFile; fileRef = 555B12E81D8322BE00CB39F3 /* GoogleService-Info.plist */; };
		555DD1461D83FC6B00F829FB /* SignUpTableViewController.swift in Sources */ = {isa = PBXBuildFile; fileRef = 555DD1451D83FC6B00F829FB /* SignUpTableViewController.swift */; };
		5C6707871D8BF1890056AB2B /* HelloWorldViewController.swift in Sources */ = {isa = PBXBuildFile; fileRef = 5C6707861D8BF1890056AB2B /* HelloWorldViewController.swift */; };
		5CDD250D1D87EA200007AE8C /* ObjectToLend.swift in Sources */ = {isa = PBXBuildFile; fileRef = 5CDD250C1D87EA200007AE8C /* ObjectToLend.swift */; };
		5CFFAFF41D86E71F004D68AF /* MyObjectsToLendTableViewController.swift in Sources */ = {isa = PBXBuildFile; fileRef = 5CFFAFF31D86E71F004D68AF /* MyObjectsToLendTableViewController.swift */; };
		5CFFAFF61D86EEDF004D68AF /* ChoosingObjectsToLendTableViewController.swift in Sources */ = {isa = PBXBuildFile; fileRef = 5CFFAFF51D86EEDF004D68AF /* ChoosingObjectsToLendTableViewController.swift */; };
		6ADD453FEBAF97D4B2998E03 /* Pods_PeerSharing.framework in Frameworks */ = {isa = PBXBuildFile; fileRef = 77500D1977B1CC512DDE1EB8 /* Pods_PeerSharing.framework */; };
		8E29E2A81D849BFB00F6A449 /* MapKit.framework in Frameworks */ = {isa = PBXBuildFile; fileRef = 8E29E2A71D849BFB00F6A449 /* MapKit.framework */; };
		8EE319761D85EC8500BE5B35 /* Functions.swift in Sources */ = {isa = PBXBuildFile; fileRef = 8EE319751D85EC8500BE5B35 /* Functions.swift */; };
/* End PBXBuildFile section */

/* Begin PBXFileReference section */
		334931E254F56DE742E8EC79 /* Pods-PeerSharing.debug.xcconfig */ = {isa = PBXFileReference; includeInIndex = 1; lastKnownFileType = text.xcconfig; name = "Pods-PeerSharing.debug.xcconfig"; path = "Pods/Target Support Files/Pods-PeerSharing/Pods-PeerSharing.debug.xcconfig"; sourceTree = "<group>"; };
		5511D7181D847A6100D313BF /* User.swift */ = {isa = PBXFileReference; fileEncoding = 4; lastKnownFileType = sourcecode.swift; path = User.swift; sourceTree = "<group>"; };
		5511D71A1D847CFF00D313BF /* DashboardViewController.swift */ = {isa = PBXFileReference; fileEncoding = 4; lastKnownFileType = sourcecode.swift; path = DashboardViewController.swift; sourceTree = "<group>"; };
		555B12D31D83226C00CB39F3 /* PeerSharing.app */ = {isa = PBXFileReference; explicitFileType = wrapper.application; includeInIndex = 0; path = PeerSharing.app; sourceTree = BUILT_PRODUCTS_DIR; };
		555B12D61D83226C00CB39F3 /* AppDelegate.swift */ = {isa = PBXFileReference; lastKnownFileType = sourcecode.swift; path = AppDelegate.swift; sourceTree = "<group>"; };
		555B12D81D83226C00CB39F3 /* LoginViewController.swift */ = {isa = PBXFileReference; lastKnownFileType = sourcecode.swift; path = LoginViewController.swift; sourceTree = "<group>"; };
		555B12DB1D83226C00CB39F3 /* Base */ = {isa = PBXFileReference; lastKnownFileType = file.storyboard; name = Base; path = Base.lproj/Main.storyboard; sourceTree = "<group>"; };
		555B12DD1D83226C00CB39F3 /* Assets.xcassets */ = {isa = PBXFileReference; lastKnownFileType = folder.assetcatalog; path = Assets.xcassets; sourceTree = "<group>"; };
		555B12E01D83226C00CB39F3 /* Base */ = {isa = PBXFileReference; lastKnownFileType = file.storyboard; name = Base; path = Base.lproj/LaunchScreen.storyboard; sourceTree = "<group>"; };
		555B12E21D83226C00CB39F3 /* Info.plist */ = {isa = PBXFileReference; lastKnownFileType = text.plist.xml; path = Info.plist; sourceTree = "<group>"; };
		555B12E81D8322BE00CB39F3 /* GoogleService-Info.plist */ = {isa = PBXFileReference; fileEncoding = 4; lastKnownFileType = text.plist.xml; path = "GoogleService-Info.plist"; sourceTree = SOURCE_ROOT; };
		555DD1431D83503400F829FB /* FirebaseAuth.framework */ = {isa = PBXFileReference; lastKnownFileType = wrapper.framework; name = FirebaseAuth.framework; path = Pods/FirebaseAuth/Frameworks/frameworks/FirebaseAuth.framework; sourceTree = "<group>"; };
		555DD1451D83FC6B00F829FB /* SignUpTableViewController.swift */ = {isa = PBXFileReference; fileEncoding = 4; lastKnownFileType = sourcecode.swift; path = SignUpTableViewController.swift; sourceTree = "<group>"; };
		5C6707861D8BF1890056AB2B /* HelloWorldViewController.swift */ = {isa = PBXFileReference; fileEncoding = 4; lastKnownFileType = sourcecode.swift; path = HelloWorldViewController.swift; sourceTree = "<group>"; };
		5CDD250C1D87EA200007AE8C /* ObjectToLend.swift */ = {isa = PBXFileReference; fileEncoding = 4; lastKnownFileType = sourcecode.swift; path = ObjectToLend.swift; sourceTree = "<group>"; };
		5CFFAFEE1D86BA4F004D68AF /* PeerSharing-Bridging-Header.h */ = {isa = PBXFileReference; lastKnownFileType = sourcecode.c.h; path = "PeerSharing-Bridging-Header.h"; sourceTree = "<group>"; };
		5CFFAFF31D86E71F004D68AF /* MyObjectsToLendTableViewController.swift */ = {isa = PBXFileReference; fileEncoding = 4; lastKnownFileType = sourcecode.swift; path = MyObjectsToLendTableViewController.swift; sourceTree = "<group>"; };
		5CFFAFF51D86EEDF004D68AF /* ChoosingObjectsToLendTableViewController.swift */ = {isa = PBXFileReference; fileEncoding = 4; lastKnownFileType = sourcecode.swift; path = ChoosingObjectsToLendTableViewController.swift; sourceTree = "<group>"; };
		77500D1977B1CC512DDE1EB8 /* Pods_PeerSharing.framework */ = {isa = PBXFileReference; explicitFileType = wrapper.framework; includeInIndex = 0; path = Pods_PeerSharing.framework; sourceTree = BUILT_PRODUCTS_DIR; };
		8E29E2A71D849BFB00F6A449 /* MapKit.framework */ = {isa = PBXFileReference; lastKnownFileType = wrapper.framework; name = MapKit.framework; path = System/Library/Frameworks/MapKit.framework; sourceTree = SDKROOT; };
		8EE319751D85EC8500BE5B35 /* Functions.swift */ = {isa = PBXFileReference; fileEncoding = 4; lastKnownFileType = sourcecode.swift; path = Functions.swift; sourceTree = "<group>"; };
		ABB05B64249042E4CCEE1A07 /* Pods-PeerSharing.release.xcconfig */ = {isa = PBXFileReference; includeInIndex = 1; lastKnownFileType = text.xcconfig; name = "Pods-PeerSharing.release.xcconfig"; path = "Pods/Target Support Files/Pods-PeerSharing/Pods-PeerSharing.release.xcconfig"; sourceTree = "<group>"; };
/* End PBXFileReference section */

/* Begin PBXFrameworksBuildPhase section */
		555B12D01D83226C00CB39F3 /* Frameworks */ = {
			isa = PBXFrameworksBuildPhase;
			buildActionMask = 2147483647;
			files = (
				8E29E2A81D849BFB00F6A449 /* MapKit.framework in Frameworks */,
				6ADD453FEBAF97D4B2998E03 /* Pods_PeerSharing.framework in Frameworks */,
			);
			runOnlyForDeploymentPostprocessing = 0;
		};
/* End PBXFrameworksBuildPhase section */

/* Begin PBXGroup section */
		27F13869074BAFD3C30031DB /* Frameworks */ = {
			isa = PBXGroup;
			children = (
				8E29E2A71D849BFB00F6A449 /* MapKit.framework */,
				555DD1431D83503400F829FB /* FirebaseAuth.framework */,
				77500D1977B1CC512DDE1EB8 /* Pods_PeerSharing.framework */,
			);
			name = Frameworks;
			sourceTree = "<group>";
		};
		555B12CA1D83226C00CB39F3 = {
			isa = PBXGroup;
			children = (
				555B12D51D83226C00CB39F3 /* PeerSharing */,
				555B12D41D83226C00CB39F3 /* Products */,
				F66C52048325D1172C926F74 /* Pods */,
				27F13869074BAFD3C30031DB /* Frameworks */,
			);
			sourceTree = "<group>";
		};
		555B12D41D83226C00CB39F3 /* Products */ = {
			isa = PBXGroup;
			children = (
				555B12D31D83226C00CB39F3 /* PeerSharing.app */,
			);
			name = Products;
			sourceTree = "<group>";
		};
		555B12D51D83226C00CB39F3 /* PeerSharing */ = {
			isa = PBXGroup;
			children = (
				555B12D61D83226C00CB39F3 /* AppDelegate.swift */,
				555B12D81D83226C00CB39F3 /* LoginViewController.swift */,
				555B12DA1D83226C00CB39F3 /* Main.storyboard */,
				555B12DD1D83226C00CB39F3 /* Assets.xcassets */,
				555B12DF1D83226C00CB39F3 /* LaunchScreen.storyboard */,
				555B12E21D83226C00CB39F3 /* Info.plist */,
				555B12E81D8322BE00CB39F3 /* GoogleService-Info.plist */,
				555DD1451D83FC6B00F829FB /* SignUpTableViewController.swift */,
				5511D7181D847A6100D313BF /* User.swift */,
				5511D71A1D847CFF00D313BF /* DashboardViewController.swift */,
				8EE319751D85EC8500BE5B35 /* Functions.swift */,
				5CFFAFEE1D86BA4F004D68AF /* PeerSharing-Bridging-Header.h */,
				5CFFAFF31D86E71F004D68AF /* MyObjectsToLendTableViewController.swift */,
				5CFFAFF51D86EEDF004D68AF /* ChoosingObjectsToLendTableViewController.swift */,
				5CDD250C1D87EA200007AE8C /* ObjectToLend.swift */,
				5C6707861D8BF1890056AB2B /* HelloWorldViewController.swift */,
			);
			path = PeerSharing;
			sourceTree = "<group>";
		};
		F66C52048325D1172C926F74 /* Pods */ = {
			isa = PBXGroup;
			children = (
				334931E254F56DE742E8EC79 /* Pods-PeerSharing.debug.xcconfig */,
				ABB05B64249042E4CCEE1A07 /* Pods-PeerSharing.release.xcconfig */,
			);
			name = Pods;
			sourceTree = "<group>";
		};
/* End PBXGroup section */

/* Begin PBXNativeTarget section */
		555B12D21D83226C00CB39F3 /* PeerSharing */ = {
			isa = PBXNativeTarget;
			buildConfigurationList = 555B12E51D83226C00CB39F3 /* Build configuration list for PBXNativeTarget "PeerSharing" */;
			buildPhases = (
				7E0482ACBB0538DE57102712 /* [CP] Check Pods Manifest.lock */,
				555B12CF1D83226C00CB39F3 /* Sources */,
				555B12D01D83226C00CB39F3 /* Frameworks */,
				555B12D11D83226C00CB39F3 /* Resources */,
				2C0758E0E2A7DF792C50DA16 /* [CP] Embed Pods Frameworks */,
				4DA8FBC1AC70C996C1781CAE /* [CP] Copy Pods Resources */,
			);
			buildRules = (
			);
			dependencies = (
			);
			name = PeerSharing;
			productName = PeerSharing;
			productReference = 555B12D31D83226C00CB39F3 /* PeerSharing.app */;
			productType = "com.apple.product-type.application";
		};
/* End PBXNativeTarget section */

/* Begin PBXProject section */
		555B12CB1D83226C00CB39F3 /* Project object */ = {
			isa = PBXProject;
			attributes = {
				LastSwiftUpdateCheck = 0730;
				LastUpgradeCheck = 0730;
				ORGANIZATIONNAME = virginie;
				TargetAttributes = {
					555B12D21D83226C00CB39F3 = {
						CreatedOnToolsVersion = 7.3.1;
					};
				};
			};
			buildConfigurationList = 555B12CE1D83226C00CB39F3 /* Build configuration list for PBXProject "PeerSharing" */;
			compatibilityVersion = "Xcode 3.2";
			developmentRegion = English;
			hasScannedForEncodings = 0;
			knownRegions = (
				en,
				Base,
			);
			mainGroup = 555B12CA1D83226C00CB39F3;
			productRefGroup = 555B12D41D83226C00CB39F3 /* Products */;
			projectDirPath = "";
			projectRoot = "";
			targets = (
				555B12D21D83226C00CB39F3 /* PeerSharing */,
			);
		};
/* End PBXProject section */

/* Begin PBXResourcesBuildPhase section */
		555B12D11D83226C00CB39F3 /* Resources */ = {
			isa = PBXResourcesBuildPhase;
			buildActionMask = 2147483647;
			files = (
				555B12E11D83226C00CB39F3 /* LaunchScreen.storyboard in Resources */,
				555B12E91D8322BE00CB39F3 /* GoogleService-Info.plist in Resources */,
				555B12DE1D83226C00CB39F3 /* Assets.xcassets in Resources */,
				555B12DC1D83226C00CB39F3 /* Main.storyboard in Resources */,
			);
			runOnlyForDeploymentPostprocessing = 0;
		};
/* End PBXResourcesBuildPhase section */

/* Begin PBXShellScriptBuildPhase section */
		2C0758E0E2A7DF792C50DA16 /* [CP] Embed Pods Frameworks */ = {
			isa = PBXShellScriptBuildPhase;
			buildActionMask = 2147483647;
			files = (
			);
			inputPaths = (
			);
			name = "[CP] Embed Pods Frameworks";
			outputPaths = (
			);
			runOnlyForDeploymentPostprocessing = 0;
			shellPath = /bin/sh;
			shellScript = "\"${SRCROOT}/Pods/Target Support Files/Pods-PeerSharing/Pods-PeerSharing-frameworks.sh\"\n";
			showEnvVarsInLog = 0;
		};
		4DA8FBC1AC70C996C1781CAE /* [CP] Copy Pods Resources */ = {
			isa = PBXShellScriptBuildPhase;
			buildActionMask = 2147483647;
			files = (
			);
			inputPaths = (
			);
			name = "[CP] Copy Pods Resources";
			outputPaths = (
			);
			runOnlyForDeploymentPostprocessing = 0;
			shellPath = /bin/sh;
			shellScript = "\"${SRCROOT}/Pods/Target Support Files/Pods-PeerSharing/Pods-PeerSharing-resources.sh\"\n";
			showEnvVarsInLog = 0;
		};
		7E0482ACBB0538DE57102712 /* [CP] Check Pods Manifest.lock */ = {
			isa = PBXShellScriptBuildPhase;
			buildActionMask = 2147483647;
			files = (
			);
			inputPaths = (
			);
			name = "[CP] Check Pods Manifest.lock";
			outputPaths = (
			);
			runOnlyForDeploymentPostprocessing = 0;
			shellPath = /bin/sh;
			shellScript = "diff \"${PODS_ROOT}/../Podfile.lock\" \"${PODS_ROOT}/Manifest.lock\" > /dev/null\nif [[ $? != 0 ]] ; then\n    cat << EOM\nerror: The sandbox is not in sync with the Podfile.lock. Run 'pod install' or update your CocoaPods installation.\nEOM\n    exit 1\nfi\n";
			showEnvVarsInLog = 0;
		};
/* End PBXShellScriptBuildPhase section */

/* Begin PBXSourcesBuildPhase section */
		555B12CF1D83226C00CB39F3 /* Sources */ = {
			isa = PBXSourcesBuildPhase;
			buildActionMask = 2147483647;
			files = (
				5511D7191D847A6100D313BF /* User.swift in Sources */,
				5CDD250D1D87EA200007AE8C /* ObjectToLend.swift in Sources */,
				5C6707871D8BF1890056AB2B /* HelloWorldViewController.swift in Sources */,
				555DD1461D83FC6B00F829FB /* SignUpTableViewController.swift in Sources */,
				5CFFAFF61D86EEDF004D68AF /* ChoosingObjectsToLendTableViewController.swift in Sources */,
				5511D71B1D847CFF00D313BF /* DashboardViewController.swift in Sources */,
				5CFFAFF41D86E71F004D68AF /* MyObjectsToLendTableViewController.swift in Sources */,
				555B12D91D83226C00CB39F3 /* LoginViewController.swift in Sources */,
				555B12D71D83226C00CB39F3 /* AppDelegate.swift in Sources */,
				8EE319761D85EC8500BE5B35 /* Functions.swift in Sources */,
			);
			runOnlyForDeploymentPostprocessing = 0;
		};
/* End PBXSourcesBuildPhase section */

/* Begin PBXVariantGroup section */
		555B12DA1D83226C00CB39F3 /* Main.storyboard */ = {
			isa = PBXVariantGroup;
			children = (
				555B12DB1D83226C00CB39F3 /* Base */,
			);
			name = Main.storyboard;
			sourceTree = "<group>";
		};
		555B12DF1D83226C00CB39F3 /* LaunchScreen.storyboard */ = {
			isa = PBXVariantGroup;
			children = (
				555B12E01D83226C00CB39F3 /* Base */,
			);
			name = LaunchScreen.storyboard;
			sourceTree = "<group>";
		};
/* End PBXVariantGroup section */

/* Begin XCBuildConfiguration section */
		555B12E31D83226C00CB39F3 /* Debug */ = {
			isa = XCBuildConfiguration;
			buildSettings = {
				ALWAYS_SEARCH_USER_PATHS = NO;
				CLANG_ANALYZER_NONNULL = YES;
				CLANG_CXX_LANGUAGE_STANDARD = "gnu++0x";
				CLANG_CXX_LIBRARY = "libc++";
				CLANG_ENABLE_MODULES = YES;
				CLANG_ENABLE_OBJC_ARC = YES;
				CLANG_WARN_BOOL_CONVERSION = YES;
				CLANG_WARN_CONSTANT_CONVERSION = YES;
				CLANG_WARN_DIRECT_OBJC_ISA_USAGE = YES_ERROR;
				CLANG_WARN_EMPTY_BODY = YES;
				CLANG_WARN_ENUM_CONVERSION = YES;
				CLANG_WARN_INT_CONVERSION = YES;
				CLANG_WARN_OBJC_ROOT_CLASS = YES_ERROR;
				CLANG_WARN_UNREACHABLE_CODE = YES;
				CLANG_WARN__DUPLICATE_METHOD_MATCH = YES;
				"CODE_SIGN_IDENTITY[sdk=iphoneos*]" = "iPhone Developer";
				COPY_PHASE_STRIP = NO;
				DEBUG_INFORMATION_FORMAT = dwarf;
				ENABLE_STRICT_OBJC_MSGSEND = YES;
				ENABLE_TESTABILITY = YES;
				GCC_C_LANGUAGE_STANDARD = gnu99;
				GCC_DYNAMIC_NO_PIC = NO;
				GCC_NO_COMMON_BLOCKS = YES;
				GCC_OPTIMIZATION_LEVEL = 0;
				GCC_PREPROCESSOR_DEFINITIONS = (
					"DEBUG=1",
					"$(inherited)",
				);
				GCC_WARN_64_TO_32_BIT_CONVERSION = YES;
				GCC_WARN_ABOUT_RETURN_TYPE = YES_ERROR;
				GCC_WARN_UNDECLARED_SELECTOR = YES;
				GCC_WARN_UNINITIALIZED_AUTOS = YES_AGGRESSIVE;
				GCC_WARN_UNUSED_FUNCTION = YES;
				GCC_WARN_UNUSED_VARIABLE = YES;
				IPHONEOS_DEPLOYMENT_TARGET = 9.3;
				MTL_ENABLE_DEBUG_INFO = YES;
				ONLY_ACTIVE_ARCH = YES;
				SDKROOT = iphoneos;
				SWIFT_OPTIMIZATION_LEVEL = "-Onone";
			};
			name = Debug;
		};
		555B12E41D83226C00CB39F3 /* Release */ = {
			isa = XCBuildConfiguration;
			buildSettings = {
				ALWAYS_SEARCH_USER_PATHS = NO;
				CLANG_ANALYZER_NONNULL = YES;
				CLANG_CXX_LANGUAGE_STANDARD = "gnu++0x";
				CLANG_CXX_LIBRARY = "libc++";
				CLANG_ENABLE_MODULES = YES;
				CLANG_ENABLE_OBJC_ARC = YES;
				CLANG_WARN_BOOL_CONVERSION = YES;
				CLANG_WARN_CONSTANT_CONVERSION = YES;
				CLANG_WARN_DIRECT_OBJC_ISA_USAGE = YES_ERROR;
				CLANG_WARN_EMPTY_BODY = YES;
				CLANG_WARN_ENUM_CONVERSION = YES;
				CLANG_WARN_INT_CONVERSION = YES;
				CLANG_WARN_OBJC_ROOT_CLASS = YES_ERROR;
				CLANG_WARN_UNREACHABLE_CODE = YES;
				CLANG_WARN__DUPLICATE_METHOD_MATCH = YES;
				"CODE_SIGN_IDENTITY[sdk=iphoneos*]" = "iPhone Developer";
				COPY_PHASE_STRIP = NO;
				DEBUG_INFORMATION_FORMAT = "dwarf-with-dsym";
				ENABLE_NS_ASSERTIONS = NO;
				ENABLE_STRICT_OBJC_MSGSEND = YES;
				GCC_C_LANGUAGE_STANDARD = gnu99;
				GCC_NO_COMMON_BLOCKS = YES;
				GCC_WARN_64_TO_32_BIT_CONVERSION = YES;
				GCC_WARN_ABOUT_RETURN_TYPE = YES_ERROR;
				GCC_WARN_UNDECLARED_SELECTOR = YES;
				GCC_WARN_UNINITIALIZED_AUTOS = YES_AGGRESSIVE;
				GCC_WARN_UNUSED_FUNCTION = YES;
				GCC_WARN_UNUSED_VARIABLE = YES;
				IPHONEOS_DEPLOYMENT_TARGET = 9.3;
				MTL_ENABLE_DEBUG_INFO = NO;
				SDKROOT = iphoneos;
				VALIDATE_PRODUCT = YES;
			};
			name = Release;
		};
		555B12E61D83226C00CB39F3 /* Debug */ = {
			isa = XCBuildConfiguration;
			baseConfigurationReference = 334931E254F56DE742E8EC79 /* Pods-PeerSharing.debug.xcconfig */;
			buildSettings = {
				ASSETCATALOG_COMPILER_APPICON_NAME = AppIcon;
				CLANG_ENABLE_MODULES = YES;
				FRAMEWORK_SEARCH_PATHS = (
					"$(inherited)",
					"$(PROJECT_DIR)/Pods/FirebaseAuth/Frameworks/frameworks",
				);
				INFOPLIST_FILE = PeerSharing/Info.plist;
				LD_RUNPATH_SEARCH_PATHS = "$(inherited) @executable_path/Frameworks";
				PRODUCT_BUNDLE_IDENTIFIER = com.virginie.PeerSharing;
				PRODUCT_NAME = "$(TARGET_NAME)";
				SWIFT_OBJC_BRIDGING_HEADER = "PeerSharing/PeerSharing-Bridging-Header.h";
				SWIFT_OPTIMIZATION_LEVEL = "-Onone";
			};
			name = Debug;
		};
		555B12E71D83226C00CB39F3 /* Release */ = {
			isa = XCBuildConfiguration;
			baseConfigurationReference = ABB05B64249042E4CCEE1A07 /* Pods-PeerSharing.release.xcconfig */;
			buildSettings = {
				ASSETCATALOG_COMPILER_APPICON_NAME = AppIcon;
				CLANG_ENABLE_MODULES = YES;
				FRAMEWORK_SEARCH_PATHS = (
					"$(inherited)",
					"$(PROJECT_DIR)/Pods/FirebaseAuth/Frameworks/frameworks",
				);
				INFOPLIST_FILE = PeerSharing/Info.plist;
				LD_RUNPATH_SEARCH_PATHS = "$(inherited) @executable_path/Frameworks";
				PRODUCT_BUNDLE_IDENTIFIER = com.virginie.PeerSharing;
				PRODUCT_NAME = "$(TARGET_NAME)";
				SWIFT_OBJC_BRIDGING_HEADER = "PeerSharing/PeerSharing-Bridging-Header.h";
			};
			name = Release;
		};
/* End XCBuildConfiguration section */

/* Begin XCConfigurationList section */
		555B12CE1D83226C00CB39F3 /* Build configuration list for PBXProject "PeerSharing" */ = {
			isa = XCConfigurationList;
			buildConfigurations = (
				555B12E31D83226C00CB39F3 /* Debug */,
				555B12E41D83226C00CB39F3 /* Release */,
			);
			defaultConfigurationIsVisible = 0;
			defaultConfigurationName = Release;
		};
		555B12E51D83226C00CB39F3 /* Build configuration list for PBXNativeTarget "PeerSharing" */ = {
			isa = XCConfigurationList;
			buildConfigurations = (
				555B12E61D83226C00CB39F3 /* Debug */,
				555B12E71D83226C00CB39F3 /* Release */,
			);
			defaultConfigurationIsVisible = 0;
			defaultConfigurationName = Release;
		};
/* End XCConfigurationList section */
	};
	rootObject = 555B12CB1D83226C00CB39F3 /* Project object */;
}
